
Microsoft Visual Studio Solution File, Format Version 12.00
# Visual Studio 15
VisualStudioVersion = 15.0.28010.0
MinimumVisualStudioVersion = 10.0.40219.1
Project("{FAE04EC0-301F-11D3-BF4B-00C04F79EFBC}") = "FlightTrackly", "FlightTrackly\FlightTrackly.csproj", "{43B448FC-4929-4BE4-A586-EB9CA207C1CC}"
EndProject
Global
	GlobalSection(SolutionConfigurationPlatforms) = preSolution
		Debug|Any CPU = Debug|Any CPU
		Release|Any CPU = Release|Any CPU
	EndGlobalSection
	GlobalSection(ProjectConfigurationPlatforms) = postSolution
		{43B448FC-4929-4BE4-A586-EB9CA207C1CC}.Debug|Any CPU.ActiveCfg = Debug|Any CPU
		{43B448FC-4929-4BE4-A586-EB9CA207C1CC}.Debug|Any CPU.Build.0 = Debug|Any CPU
		{43B448FC-4929-4BE4-A586-EB9CA207C1CC}.Release|Any CPU.ActiveCfg = Release|Any CPU
		{43B448FC-4929-4BE4-A586-EB9CA207C1CC}.Release|Any CPU.Build.0 = Release|Any CPU
	EndGlobalSection
	GlobalSection(SolutionProperties) = preSolution
		HideSolutionNode = FALSE
	EndGlobalSection
	GlobalSection(ExtensibilityGlobals) = postSolution
		SolutionGuid = {F561D631-4622-4A66-8C9A-9324E63DA233}
	EndGlobalSection
EndGlobal
